
Microsoft Visual Studio Solution File, Format Version 12.00
# Visual Studio Version 17
VisualStudioVersion = 17.11.35312.102
MinimumVisualStudioVersion = 10.0.40219.1
Project("{FAE04EC0-301F-11D3-BF4B-00C04F79EFBC}") = "ProjectCompiler", "ProjectCompiler.csproj", "{257E9C44-DEEA-4006-BEFD-21B4DCD19342}"
EndProject
Global
	GlobalSection(SolutionConfigurationPlatforms) = preSolution
		Debug|Any CPU = Debug|Any CPU
		Release|Any CPU = Release|Any CPU
	EndGlobalSection
	GlobalSection(ProjectConfigurationPlatforms) = postSolution
		{257E9C44-DEEA-4006-BEFD-21B4DCD19342}.Debug|Any CPU.ActiveCfg = Debug|Any CPU
		{257E9C44-DEEA-4006-BEFD-21B4DCD19342}.Debug|Any CPU.Build.0 = Debug|Any CPU
		{257E9C44-DEEA-4006-BEFD-21B4DCD19342}.Release|Any CPU.ActiveCfg = Release|Any CPU
		{257E9C44-DEEA-4006-BEFD-21B4DCD19342}.Release|Any CPU.Build.0 = Release|Any CPU
	EndGlobalSection
	GlobalSection(SolutionProperties) = preSolution
		HideSolutionNode = FALSE
	EndGlobalSection
	GlobalSection(ExtensibilityGlobals) = postSolution
		SolutionGuid = {8EA3B4EC-30D7-4340-AB8F-2CDB4A7C808F}
	EndGlobalSection
EndGlobal
